// !$*UTF8*$!
{
	archiveVersion = 1;
	classes = {
	};
	objectVersion = 46;
	objects = {

/* Begin PBXBuildFile section */
		799C3EC9194F573500C5A40A /* Foundation.framework in Frameworks */ = {isa = PBXBuildFile; fileRef = 799C3EC8194F573500C5A40A /* Foundation.framework */; };
		799C3ECB194F573500C5A40A /* CoreGraphics.framework in Frameworks */ = {isa = PBXBuildFile; fileRef = 799C3ECA194F573500C5A40A /* CoreGraphics.framework */; };
		799C3ECD194F573500C5A40A /* UIKit.framework in Frameworks */ = {isa = PBXBuildFile; fileRef = 799C3ECC194F573500C5A40A /* UIKit.framework */; };
		799C3ED3194F573500C5A40A /* InfoPlist.strings in Resources */ = {isa = PBXBuildFile; fileRef = 799C3ED1194F573500C5A40A /* InfoPlist.strings */; };
		799C3ED5194F573500C5A40A /* main.m in Sources */ = {isa = PBXBuildFile; fileRef = 799C3ED4194F573500C5A40A /* main.m */; };
		799C3ED9194F573500C5A40A /* AppDelegate.m in Sources */ = {isa = PBXBuildFile; fileRef = 799C3ED8194F573500C5A40A /* AppDelegate.m */; };
		799C3EDC194F573500C5A40A /* Main.storyboard in Resources */ = {isa = PBXBuildFile; fileRef = 799C3EDA194F573500C5A40A /* Main.storyboard */; };
		799C3EDF194F573500C5A40A /* ViewController.m in Sources */ = {isa = PBXBuildFile; fileRef = 799C3EDE194F573500C5A40A /* ViewController.m */; };
		799C3EE1194F573500C5A40A /* Images.xcassets in Resources */ = {isa = PBXBuildFile; fileRef = 799C3EE0194F573500C5A40A /* Images.xcassets */; };
		799C3EE8194F573500C5A40A /* XCTest.framework in Frameworks */ = {isa = PBXBuildFile; fileRef = 799C3EE7194F573500C5A40A /* XCTest.framework */; };
		799C3EE9194F573500C5A40A /* Foundation.framework in Frameworks */ = {isa = PBXBuildFile; fileRef = 799C3EC8194F573500C5A40A /* Foundation.framework */; };
		799C3EEA194F573500C5A40A /* UIKit.framework in Frameworks */ = {isa = PBXBuildFile; fileRef = 799C3ECC194F573500C5A40A /* UIKit.framework */; };
		799C3EF2194F573500C5A40A /* InfoPlist.strings in Resources */ = {isa = PBXBuildFile; fileRef = 799C3EF0194F573500C5A40A /* InfoPlist.strings */; };
		799C3EF4194F573500C5A40A /* UIView_LoadNib_DemoTests.m in Sources */ = {isa = PBXBuildFile; fileRef = 799C3EF3194F573500C5A40A /* UIView_LoadNib_DemoTests.m */; };
		799C3F02194F578100C5A40A /* UIView+LoadNib.m in Sources */ = {isa = PBXBuildFile; fileRef = 799C3F01194F578100C5A40A /* UIView+LoadNib.m */; };
		799C3F06194F57DB00C5A40A /* MyCustomView.m in Sources */ = {isa = PBXBuildFile; fileRef = 799C3F05194F57DB00C5A40A /* MyCustomView.m */; };
		799C3F08194F57EF00C5A40A /* MyCustomView.xib in Resources */ = {isa = PBXBuildFile; fileRef = 799C3F07194F57EF00C5A40A /* MyCustomView.xib */; };
/* End PBXBuildFile section */

/* Begin PBXContainerItemProxy section */
		799C3EEB194F573500C5A40A /* PBXContainerItemProxy */ = {
			isa = PBXContainerItemProxy;
			containerPortal = 799C3EBD194F573500C5A40A /* Project object */;
			proxyType = 1;
			remoteGlobalIDString = 799C3EC4194F573500C5A40A;
			remoteInfo = "UIView+LoadNib_Demo";
		};
/* End PBXContainerItemProxy section */

/* Begin PBXFileReference section */
		799C3EC5194F573500C5A40A /* UIView+LoadNib_Demo.app */ = {isa = PBXFileReference; explicitFileType = wrapper.application; includeInIndex = 0; path = "UIView+LoadNib_Demo.app"; sourceTree = BUILT_PRODUCTS_DIR; };
		799C3EC8194F573500C5A40A /* Foundation.framework */ = {isa = PBXFileReference; lastKnownFileType = wrapper.framework; name = Foundation.framework; path = System/Library/Frameworks/Foundation.framework; sourceTree = SDKROOT; };
		799C3ECA194F573500C5A40A /* CoreGraphics.framework */ = {isa = PBXFileReference; lastKnownFileType = wrapper.framework; name = CoreGraphics.framework; path = System/Library/Frameworks/CoreGraphics.framework; sourceTree = SDKROOT; };
		799C3ECC194F573500C5A40A /* UIKit.framework */ = {isa = PBXFileReference; lastKnownFileType = wrapper.framework; name = UIKit.framework; path = System/Library/Frameworks/UIKit.framework; sourceTree = SDKROOT; };
		799C3ED0194F573500C5A40A /* UIView+LoadNib_Demo-Info.plist */ = {isa = PBXFileReference; lastKnownFileType = text.plist.xml; path = "UIView+LoadNib_Demo-Info.plist"; sourceTree = "<group>"; };
		799C3ED2194F573500C5A40A /* en */ = {isa = PBXFileReference; lastKnownFileType = text.plist.strings; name = en; path = en.lproj/InfoPlist.strings; sourceTree = "<group>"; };
		799C3ED4194F573500C5A40A /* main.m */ = {isa = PBXFileReference; lastKnownFileType = sourcecode.c.objc; path = main.m; sourceTree = "<group>"; };
		799C3ED6194F573500C5A40A /* UIView+LoadNib_Demo-Prefix.pch */ = {isa = PBXFileReference; lastKnownFileType = sourcecode.c.h; path = "UIView+LoadNib_Demo-Prefix.pch"; sourceTree = "<group>"; };
		799C3ED7194F573500C5A40A /* AppDelegate.h */ = {isa = PBXFileReference; lastKnownFileType = sourcecode.c.h; path = AppDelegate.h; sourceTree = "<group>"; };
		799C3ED8194F573500C5A40A /* AppDelegate.m */ = {isa = PBXFileReference; lastKnownFileType = sourcecode.c.objc; path = AppDelegate.m; sourceTree = "<group>"; };
		799C3EDB194F573500C5A40A /* Base */ = {isa = PBXFileReference; lastKnownFileType = file.storyboard; name = Base; path = Base.lproj/Main.storyboard; sourceTree = "<group>"; };
		799C3EDD194F573500C5A40A /* ViewController.h */ = {isa = PBXFileReference; lastKnownFileType = sourcecode.c.h; path = ViewController.h; sourceTree = "<group>"; };
		799C3EDE194F573500C5A40A /* ViewController.m */ = {isa = PBXFileReference; lastKnownFileType = sourcecode.c.objc; path = ViewController.m; sourceTree = "<group>"; };
		799C3EE0194F573500C5A40A /* Images.xcassets */ = {isa = PBXFileReference; lastKnownFileType = folder.assetcatalog; path = Images.xcassets; sourceTree = "<group>"; };
		799C3EE6194F573500C5A40A /* UIView+LoadNib_DemoTests.xctest */ = {isa = PBXFileReference; explicitFileType = wrapper.cfbundle; includeInIndex = 0; path = "UIView+LoadNib_DemoTests.xctest"; sourceTree = BUILT_PRODUCTS_DIR; };
		799C3EE7194F573500C5A40A /* XCTest.framework */ = {isa = PBXFileReference; lastKnownFileType = wrapper.framework; name = XCTest.framework; path = Library/Frameworks/XCTest.framework; sourceTree = DEVELOPER_DIR; };
		799C3EEF194F573500C5A40A /* UIView+LoadNib_DemoTests-Info.plist */ = {isa = PBXFileReference; lastKnownFileType = text.plist.xml; path = "UIView+LoadNib_DemoTests-Info.plist"; sourceTree = "<group>"; };
		799C3EF1194F573500C5A40A /* en */ = {isa = PBXFileReference; lastKnownFileType = text.plist.strings; name = en; path = en.lproj/InfoPlist.strings; sourceTree = "<group>"; };
		799C3EF3194F573500C5A40A /* UIView_LoadNib_DemoTests.m */ = {isa = PBXFileReference; lastKnownFileType = sourcecode.c.objc; path = UIView_LoadNib_DemoTests.m; sourceTree = "<group>"; };
		799C3F00194F578100C5A40A /* UIView+LoadNib.h */ = {isa = PBXFileReference; fileEncoding = 4; lastKnownFileType = sourcecode.c.h; path = "UIView+LoadNib.h"; sourceTree = "<group>"; };
		799C3F01194F578100C5A40A /* UIView+LoadNib.m */ = {isa = PBXFileReference; fileEncoding = 4; lastKnownFileType = sourcecode.c.objc; path = "UIView+LoadNib.m"; sourceTree = "<group>"; };
		799C3F04194F57DB00C5A40A /* MyCustomView.h */ = {isa = PBXFileReference; fileEncoding = 4; lastKnownFileType = sourcecode.c.h; name = MyCustomView.h; path = View/MyCustomView.h; sourceTree = "<group>"; };
		799C3F05194F57DB00C5A40A /* MyCustomView.m */ = {isa = PBXFileReference; fileEncoding = 4; lastKnownFileType = sourcecode.c.objc; name = MyCustomView.m; path = View/MyCustomView.m; sourceTree = "<group>"; };
		799C3F07194F57EF00C5A40A /* MyCustomView.xib */ = {isa = PBXFileReference; fileEncoding = 4; lastKnownFileType = file.xib; name = MyCustomView.xib; path = View/MyCustomView.xib; sourceTree = "<group>"; };
/* End PBXFileReference section */

/* Begin PBXFrameworksBuildPhase section */
		799C3EC2194F573500C5A40A /* Frameworks */ = {
			isa = PBXFrameworksBuildPhase;
			buildActionMask = 2147483647;
			files = (
				799C3ECB194F573500C5A40A /* CoreGraphics.framework in Frameworks */,
				799C3ECD194F573500C5A40A /* UIKit.framework in Frameworks */,
				799C3EC9194F573500C5A40A /* Foundation.framework in Frameworks */,
			);
			runOnlyForDeploymentPostprocessing = 0;
		};
		799C3EE3194F573500C5A40A /* Frameworks */ = {
			isa = PBXFrameworksBuildPhase;
			buildActionMask = 2147483647;
			files = (
				799C3EE8194F573500C5A40A /* XCTest.framework in Frameworks */,
				799C3EEA194F573500C5A40A /* UIKit.framework in Frameworks */,
				799C3EE9194F573500C5A40A /* Foundation.framework in Frameworks */,
			);
			runOnlyForDeploymentPostprocessing = 0;
		};
/* End PBXFrameworksBuildPhase section */

/* Begin PBXGroup section */
		799C3EBC194F573500C5A40A = {
			isa = PBXGroup;
			children = (
				799C3EFF194F578100C5A40A /* UIView+LoadNib */,
				799C3ECE194F573500C5A40A /* UIView+LoadNib_Demo */,
				799C3EED194F573500C5A40A /* UIView+LoadNib_DemoTests */,
				799C3EC7194F573500C5A40A /* Frameworks */,
				799C3EC6194F573500C5A40A /* Products */,
			);
			sourceTree = "<group>";
		};
		799C3EC6194F573500C5A40A /* Products */ = {
			isa = PBXGroup;
			children = (
				799C3EC5194F573500C5A40A /* UIView+LoadNib_Demo.app */,
				799C3EE6194F573500C5A40A /* UIView+LoadNib_DemoTests.xctest */,
			);
			name = Products;
			sourceTree = "<group>";
		};
		799C3EC7194F573500C5A40A /* Frameworks */ = {
			isa = PBXGroup;
			children = (
				799C3EC8194F573500C5A40A /* Foundation.framework */,
				799C3ECA194F573500C5A40A /* CoreGraphics.framework */,
				799C3ECC194F573500C5A40A /* UIKit.framework */,
				799C3EE7194F573500C5A40A /* XCTest.framework */,
			);
			name = Frameworks;
			sourceTree = "<group>";
		};
		799C3ECE194F573500C5A40A /* UIView+LoadNib_Demo */ = {
			isa = PBXGroup;
			children = (
				799C3F03194F57AF00C5A40A /* View */,
				799C3ED7194F573500C5A40A /* AppDelegate.h */,
				799C3ED8194F573500C5A40A /* AppDelegate.m */,
				799C3EDA194F573500C5A40A /* Main.storyboard */,
				799C3EDD194F573500C5A40A /* ViewController.h */,
				799C3EDE194F573500C5A40A /* ViewController.m */,
				799C3EE0194F573500C5A40A /* Images.xcassets */,
				799C3ECF194F573500C5A40A /* Supporting Files */,
			);
			path = "UIView+LoadNib_Demo";
			sourceTree = "<group>";
		};
		799C3ECF194F573500C5A40A /* Supporting Files */ = {
			isa = PBXGroup;
			children = (
				799C3ED0194F573500C5A40A /* UIView+LoadNib_Demo-Info.plist */,
				799C3ED1194F573500C5A40A /* InfoPlist.strings */,
				799C3ED4194F573500C5A40A /* main.m */,
				799C3ED6194F573500C5A40A /* UIView+LoadNib_Demo-Prefix.pch */,
			);
			name = "Supporting Files";
			sourceTree = "<group>";
		};
		799C3EED194F573500C5A40A /* UIView+LoadNib_DemoTests */ = {
			isa = PBXGroup;
			children = (
				799C3EF3194F573500C5A40A /* UIView_LoadNib_DemoTests.m */,
				799C3EEE194F573500C5A40A /* Supporting Files */,
			);
			path = "UIView+LoadNib_DemoTests";
			sourceTree = "<group>";
		};
		799C3EEE194F573500C5A40A /* Supporting Files */ = {
			isa = PBXGroup;
			children = (
				799C3EEF194F573500C5A40A /* UIView+LoadNib_DemoTests-Info.plist */,
				799C3EF0194F573500C5A40A /* InfoPlist.strings */,
			);
			name = "Supporting Files";
			sourceTree = "<group>";
		};
		799C3EFF194F578100C5A40A /* UIView+LoadNib */ = {
			isa = PBXGroup;
			children = (
				799C3F00194F578100C5A40A /* UIView+LoadNib.h */,
				799C3F01194F578100C5A40A /* UIView+LoadNib.m */,
			);
			path = "UIView+LoadNib";
			sourceTree = SOURCE_ROOT;
		};
		799C3F03194F57AF00C5A40A /* View */ = {
			isa = PBXGroup;
			children = (
				799C3F04194F57DB00C5A40A /* MyCustomView.h */,
				799C3F05194F57DB00C5A40A /* MyCustomView.m */,
				799C3F07194F57EF00C5A40A /* MyCustomView.xib */,
			);
			name = View;
			sourceTree = "<group>";
		};
/* End PBXGroup section */

/* Begin PBXNativeTarget section */
		799C3EC4194F573500C5A40A /* UIView+LoadNib_Demo */ = {
			isa = PBXNativeTarget;
			buildConfigurationList = 799C3EF7194F573500C5A40A /* Build configuration list for PBXNativeTarget "UIView+LoadNib_Demo" */;
			buildPhases = (
				799C3EC1194F573500C5A40A /* Sources */,
				799C3EC2194F573500C5A40A /* Frameworks */,
				799C3EC3194F573500C5A40A /* Resources */,
			);
			buildRules = (
			);
			dependencies = (
			);
			name = "UIView+LoadNib_Demo";
			productName = "UIView+LoadNib_Demo";
			productReference = 799C3EC5194F573500C5A40A /* UIView+LoadNib_Demo.app */;
			productType = "com.apple.product-type.application";
		};
		799C3EE5194F573500C5A40A /* UIView+LoadNib_DemoTests */ = {
			isa = PBXNativeTarget;
			buildConfigurationList = 799C3EFA194F573500C5A40A /* Build configuration list for PBXNativeTarget "UIView+LoadNib_DemoTests" */;
			buildPhases = (
				799C3EE2194F573500C5A40A /* Sources */,
				799C3EE3194F573500C5A40A /* Frameworks */,
				799C3EE4194F573500C5A40A /* Resources */,
			);
			buildRules = (
			);
			dependencies = (
				799C3EEC194F573500C5A40A /* PBXTargetDependency */,
			);
			name = "UIView+LoadNib_DemoTests";
			productName = "UIView+LoadNib_DemoTests";
			productReference = 799C3EE6194F573500C5A40A /* UIView+LoadNib_DemoTests.xctest */;
			productType = "com.apple.product-type.bundle.unit-test";
		};
/* End PBXNativeTarget section */

/* Begin PBXProject section */
		799C3EBD194F573500C5A40A /* Project object */ = {
			isa = PBXProject;
			attributes = {
				LastUpgradeCheck = 0510;
				ORGANIZATIONNAME = "Toshikazu Fukuoka";
				TargetAttributes = {
					799C3EE5194F573500C5A40A = {
						TestTargetID = 799C3EC4194F573500C5A40A;
					};
				};
			};
			buildConfigurationList = 799C3EC0194F573500C5A40A /* Build configuration list for PBXProject "UIView+LoadNib_Demo" */;
			compatibilityVersion = "Xcode 3.2";
			developmentRegion = English;
			hasScannedForEncodings = 0;
			knownRegions = (
				en,
				Base,
			);
			mainGroup = 799C3EBC194F573500C5A40A;
			productRefGroup = 799C3EC6194F573500C5A40A /* Products */;
			projectDirPath = "";
			projectRoot = "";
			targets = (
				799C3EC4194F573500C5A40A /* UIView+LoadNib_Demo */,
				799C3EE5194F573500C5A40A /* UIView+LoadNib_DemoTests */,
			);
		};
/* End PBXProject section */

/* Begin PBXResourcesBuildPhase section */
		799C3EC3194F573500C5A40A /* Resources */ = {
			isa = PBXResourcesBuildPhase;
			buildActionMask = 2147483647;
			files = (
				799C3EE1194F573500C5A40A /* Images.xcassets in Resources */,
				799C3F08194F57EF00C5A40A /* MyCustomView.xib in Resources */,
				799C3ED3194F573500C5A40A /* InfoPlist.strings in Resources */,
				799C3EDC194F573500C5A40A /* Main.storyboard in Resources */,
			);
			runOnlyForDeploymentPostprocessing = 0;
		};
		799C3EE4194F573500C5A40A /* Resources */ = {
			isa = PBXResourcesBuildPhase;
			buildActionMask = 2147483647;
			files = (
				799C3EF2194F573500C5A40A /* InfoPlist.strings in Resources */,
			);
			runOnlyForDeploymentPostprocessing = 0;
		};
/* End PBXResourcesBuildPhase section */

/* Begin PBXSourcesBuildPhase section */
		799C3EC1194F573500C5A40A /* Sources */ = {
			isa = PBXSourcesBuildPhase;
			buildActionMask = 2147483647;
			files = (
				799C3F02194F578100C5A40A /* UIView+LoadNib.m in Sources */,
				799C3EDF194F573500C5A40A /* ViewController.m in Sources */,
				799C3ED9194F573500C5A40A /* AppDelegate.m in Sources */,
				799C3F06194F57DB00C5A40A /* MyCustomView.m in Sources */,
				799C3ED5194F573500C5A40A /* main.m in Sources */,
			);
			runOnlyForDeploymentPostprocessing = 0;
		};
		799C3EE2194F573500C5A40A /* Sources */ = {
			isa = PBXSourcesBuildPhase;
			buildActionMask = 2147483647;
			files = (
				799C3EF4194F573500C5A40A /* UIView_LoadNib_DemoTests.m in Sources */,
			);
			runOnlyForDeploymentPostprocessing = 0;
		};
/* End PBXSourcesBuildPhase section */

/* Begin PBXTargetDependency section */
		799C3EEC194F573500C5A40A /* PBXTargetDependency */ = {
			isa = PBXTargetDependency;
			target = 799C3EC4194F573500C5A40A /* UIView+LoadNib_Demo */;
			targetProxy = 799C3EEB194F573500C5A40A /* PBXContainerItemProxy */;
		};
/* End PBXTargetDependency section */

/* Begin PBXVariantGroup section */
		799C3ED1194F573500C5A40A /* InfoPlist.strings */ = {
			isa = PBXVariantGroup;
			children = (
				799C3ED2194F573500C5A40A /* en */,
			);
			name = InfoPlist.strings;
			sourceTree = "<group>";
		};
		799C3EDA194F573500C5A40A /* Main.storyboard */ = {
			isa = PBXVariantGroup;
			children = (
				799C3EDB194F573500C5A40A /* Base */,
			);
			name = Main.storyboard;
			sourceTree = "<group>";
		};
		799C3EF0194F573500C5A40A /* InfoPlist.strings */ = {
			isa = PBXVariantGroup;
			children = (
				799C3EF1194F573500C5A40A /* en */,
			);
			name = InfoPlist.strings;
			sourceTree = "<group>";
		};
/* End PBXVariantGroup section */

/* Begin XCBuildConfiguration section */
		799C3EF5194F573500C5A40A /* Debug */ = {
			isa = XCBuildConfiguration;
			buildSettings = {
				ALWAYS_SEARCH_USER_PATHS = NO;
				CLANG_CXX_LANGUAGE_STANDARD = "gnu++0x";
				CLANG_CXX_LIBRARY = "libc++";
				CLANG_ENABLE_MODULES = YES;
				CLANG_ENABLE_OBJC_ARC = YES;
				CLANG_WARN_BOOL_CONVERSION = YES;
				CLANG_WARN_CONSTANT_CONVERSION = YES;
				CLANG_WARN_DIRECT_OBJC_ISA_USAGE = YES_ERROR;
				CLANG_WARN_EMPTY_BODY = YES;
				CLANG_WARN_ENUM_CONVERSION = YES;
				CLANG_WARN_INT_CONVERSION = YES;
				CLANG_WARN_OBJC_ROOT_CLASS = YES_ERROR;
				CLANG_WARN__DUPLICATE_METHOD_MATCH = YES;
				"CODE_SIGN_IDENTITY[sdk=iphoneos*]" = "iPhone Developer";
				COPY_PHASE_STRIP = NO;
				GCC_C_LANGUAGE_STANDARD = gnu99;
				GCC_DYNAMIC_NO_PIC = NO;
				GCC_OPTIMIZATION_LEVEL = 0;
				GCC_PREPROCESSOR_DEFINITIONS = (
					"DEBUG=1",
					"$(inherited)",
				);
				GCC_SYMBOLS_PRIVATE_EXTERN = NO;
				GCC_WARN_64_TO_32_BIT_CONVERSION = YES;
				GCC_WARN_ABOUT_RETURN_TYPE = YES_ERROR;
				GCC_WARN_UNDECLARED_SELECTOR = YES;
				GCC_WARN_UNINITIALIZED_AUTOS = YES_AGGRESSIVE;
				GCC_WARN_UNUSED_FUNCTION = YES;
				GCC_WARN_UNUSED_VARIABLE = YES;
				IPHONEOS_DEPLOYMENT_TARGET = 7.1;
				ONLY_ACTIVE_ARCH = YES;
				SDKROOT = iphoneos;
			};
			name = Debug;
		};
		799C3EF6194F573500C5A40A /* Release */ = {
			isa = XCBuildConfiguration;
			buildSettings = {
				ALWAYS_SEARCH_USER_PATHS = NO;
				CLANG_CXX_LANGUAGE_STANDARD = "gnu++0x";
				CLANG_CXX_LIBRARY = "libc++";
				CLANG_ENABLE_MODULES = YES;
				CLANG_ENABLE_OBJC_ARC = YES;
				CLANG_WARN_BOOL_CONVERSION = YES;
				CLANG_WARN_CONSTANT_CONVERSION = YES;
				CLANG_WARN_DIRECT_OBJC_ISA_USAGE = YES_ERROR;
				CLANG_WARN_EMPTY_BODY = YES;
				CLANG_WARN_ENUM_CONVERSION = YES;
				CLANG_WARN_INT_CONVERSION = YES;
				CLANG_WARN_OBJC_ROOT_CLASS = YES_ERROR;
				CLANG_WARN__DUPLICATE_METHOD_MATCH = YES;
				"CODE_SIGN_IDENTITY[sdk=iphoneos*]" = "iPhone Developer";
				COPY_PHASE_STRIP = YES;
				ENABLE_NS_ASSERTIONS = NO;
				GCC_C_LANGUAGE_STANDARD = gnu99;
				GCC_WARN_64_TO_32_BIT_CONVERSION = YES;
				GCC_WARN_ABOUT_RETURN_TYPE = YES_ERROR;
				GCC_WARN_UNDECLARED_SELECTOR = YES;
				GCC_WARN_UNINITIALIZED_AUTOS = YES_AGGRESSIVE;
				GCC_WARN_UNUSED_FUNCTION = YES;
				GCC_WARN_UNUSED_VARIABLE = YES;
				IPHONEOS_DEPLOYMENT_TARGET = 7.1;
				SDKROOT = iphoneos;
				VALIDATE_PRODUCT = YES;
			};
			name = Release;
		};
		799C3EF8194F573500C5A40A /* Debug */ = {
			isa = XCBuildConfiguration;
			buildSettings = {
				ASSETCATALOG_COMPILER_APPICON_NAME = AppIcon;
				ASSETCATALOG_COMPILER_LAUNCHIMAGE_NAME = LaunchImage;
				GCC_PRECOMPILE_PREFIX_HEADER = YES;
				GCC_PREFIX_HEADER = "UIView+LoadNib_Demo/UIView+LoadNib_Demo-Prefix.pch";
				INFOPLIST_FILE = "UIView+LoadNib_Demo/UIView+LoadNib_Demo-Info.plist";
				IPHONEOS_DEPLOYMENT_TARGET = 7.0;
				PRODUCT_NAME = "$(TARGET_NAME)";
				WRAPPER_EXTENSION = app;
			};
			name = Debug;
		};
		799C3EF9194F573500C5A40A /* Release */ = {
			isa = XCBuildConfiguration;
			buildSettings = {
				ASSETCATALOG_COMPILER_APPICON_NAME = AppIcon;
				ASSETCATALOG_COMPILER_LAUNCHIMAGE_NAME = LaunchImage;
				GCC_PRECOMPILE_PREFIX_HEADER = YES;
				GCC_PREFIX_HEADER = "UIView+LoadNib_Demo/UIView+LoadNib_Demo-Prefix.pch";
				INFOPLIST_FILE = "UIView+LoadNib_Demo/UIView+LoadNib_Demo-Info.plist";
				IPHONEOS_DEPLOYMENT_TARGET = 7.0;
				PRODUCT_NAME = "$(TARGET_NAME)";
				WRAPPER_EXTENSION = app;
			};
			name = Release;
		};
		799C3EFB194F573500C5A40A /* Debug */ = {
			isa = XCBuildConfiguration;
			buildSettings = {
				BUNDLE_LOADER = "$(BUILT_PRODUCTS_DIR)/UIView+LoadNib_Demo.app/UIView+LoadNib_Demo";
				FRAMEWORK_SEARCH_PATHS = (
					"$(SDKROOT)/Developer/Library/Frameworks",
					"$(inherited)",
					"$(DEVELOPER_FRAMEWORKS_DIR)",
				);
				GCC_PRECOMPILE_PREFIX_HEADER = YES;
				GCC_PREFIX_HEADER = "UIView+LoadNib_Demo/UIView+LoadNib_Demo-Prefix.pch";
				GCC_PREPROCESSOR_DEFINITIONS = (
					"DEBUG=1",
					"$(inherited)",
				);
				INFOPLIST_FILE = "UIView+LoadNib_DemoTests/UIView+LoadNib_DemoTests-Info.plist";
				PRODUCT_NAME = "$(TARGET_NAME)";
				TEST_HOST = "$(BUNDLE_LOADER)";
				WRAPPER_EXTENSION = xctest;
			};
			name = Debug;
		};
		799C3EFC194F573500C5A40A /* Release */ = {
			isa = XCBuildConfiguration;
			buildSettings = {
				BUNDLE_LOADER = "$(BUILT_PRODUCTS_DIR)/UIView+LoadNib_Demo.app/UIView+LoadNib_Demo";
				FRAMEWORK_SEARCH_PATHS = (
					"$(SDKROOT)/Developer/Library/Frameworks",
					"$(inherited)",
					"$(DEVELOPER_FRAMEWORKS_DIR)",
				);
				GCC_PRECOMPILE_PREFIX_HEADER = YES;
				GCC_PREFIX_HEADER = "UIView+LoadNib_Demo/UIView+LoadNib_Demo-Prefix.pch";
				INFOPLIST_FILE = "UIView+LoadNib_DemoTests/UIView+LoadNib_DemoTests-Info.plist";
				PRODUCT_NAME = "$(TARGET_NAME)";
				TEST_HOST = "$(BUNDLE_LOADER)";
				WRAPPER_EXTENSION = xctest;
			};
			name = Release;
		};
/* End XCBuildConfiguration section */

/* Begin XCConfigurationList section */
		799C3EC0194F573500C5A40A /* Build configuration list for PBXProject "UIView+LoadNib_Demo" */ = {
			isa = XCConfigurationList;
			buildConfigurations = (
				799C3EF5194F573500C5A40A /* Debug */,
				799C3EF6194F573500C5A40A /* Release */,
			);
			defaultConfigurationIsVisible = 0;
			defaultConfigurationName = Release;
		};
		799C3EF7194F573500C5A40A /* Build configuration list for PBXNativeTarget "UIView+LoadNib_Demo" */ = {
			isa = XCConfigurationList;
			buildConfigurations = (
				799C3EF8194F573500C5A40A /* Debug */,
				799C3EF9194F573500C5A40A /* Release */,
			);
			defaultConfigurationIsVisible = 0;
		};
		799C3EFA194F573500C5A40A /* Build configuration list for PBXNativeTarget "UIView+LoadNib_DemoTests" */ = {
			isa = XCConfigurationList;
			buildConfigurations = (
				799C3EFB194F573500C5A40A /* Debug */,
				799C3EFC194F573500C5A40A /* Release */,
			);
			defaultConfigurationIsVisible = 0;
		};
/* End XCConfigurationList section */
	};
	rootObject = 799C3EBD194F573500C5A40A /* Project object */;
}
